version = 1
revision = 2
requires-python = ">=3.10"

[[package]]
name = "nodeenv"
version = "1.9.1"
source = { registry = "https://pypi.org/simple" }
sdist = { url = "https://files.pythonhosted.org/packages/43/16/fc88b08840de0e0a72a2f9d8c6bae36be573e475a6326ae854bcc549fc45/nodeenv-1.9.1.tar.gz", hash = "sha256:6ec12890a2dab7946721edbfbcd91f3319c6ccc9aec47be7c7e6b7011ee6645f", size = 47437, upload-time = "2024-06-04T18:44:11.171Z" }
wheels = [
    { url = "https://files.pythonhosted.org/packages/d2/1d/1b658dbd2b9fa9c4c9f32accbfc0205d532c8c6194dc0f2a4c0428e7128a/nodeenv-1.9.1-py2.py3-none-any.whl", hash = "sha256:ba11c9782d29c27c70ffbdda2d7415098754709be8a7056d79a737cd901155c9", size = 22314, upload-time = "2024-06-04T18:44:08.352Z" },
]

[[package]]
name = "pyalsaaudio"
version = "0.11.0"
source = { editable = "." }

[package.dev-dependencies]
dev = [
    { name = "pyright" },
]

[package.metadata]

[package.metadata.requires-dev]
dev = [{ name = "pyright", specifier = ">=1.1.403" }]

[[package]]
name = "pyright"
version = "1.1.403"
source = { registry = "https://pypi.org/simple" }
dependencies = [
    { name = "nodeenv" },
    { name = "typing-extensions" },
]
sdist = { url = "https://files.pythonhosted.org/packages/fe/f6/35f885264ff08c960b23d1542038d8da86971c5d8c955cfab195a4f672d7/pyright-1.1.403.tar.gz", hash = "sha256:3ab69b9f41c67fb5bbb4d7a36243256f0d549ed3608678d381d5f51863921104", size = 3913526, upload-time = "2025-07-09T07:15:52.882Z" }
wheels = [
    { url = "https://files.pythonhosted.org/packages/49/b6/b04e5c2f41a5ccad74a1a4759da41adb20b4bc9d59a5e08d29ba60084d07/pyright-1.1.403-py3-none-any.whl", hash = "sha256:c0eeca5aa76cbef3fcc271259bbd785753c7ad7bcac99a9162b4c4c7daed23b3", size = 5684504, upload-time = "2025-07-09T07:15:50.958Z" },
]

[[package]]
name = "typing-extensions"
version = "4.14.1"
source = { registry = "https://pypi.org/simple" }
sdist = { url = "https://files.pythonhosted.org/packages/98/5a/da40306b885cc8c09109dc2e1abd358d5684b1425678151cdaed4731c822/typing_extensions-4.14.1.tar.gz", hash = "sha256:38b39f4aeeab64884ce9f74c94263ef78f3c22467c8724005483154c26648d36", size = 107673, upload-time = "2025-07-04T13:28:34.16Z" }
wheels = [
    { url = "https://files.pythonhosted.org/packages/b5/00/d631e67a838026495268c2f6884f3711a15a9a2a96cd244fdaea53b823fb/typing_extensions-4.14.1-py3-none-any.whl", hash = "sha256:d1e1e3b58374dc93031d6eda2420a48ea44a36c2b4766a4fdeb3710755731d76", size = 43906, upload-time = "2025-07-04T13:28:32.743Z" },
]
